
Microsoft Visual Studio Solution File, Format Version 11.00
# Visual Studio 2010
Project("{FAE04EC0-301F-11D3-BF4B-00C04F79EFBC}") = "SpiraExcelAddIn", "ExcelAddIn\SpiraExcelAddIn.csproj", "{42E57061-6005-4F7F-BAAC-D47CB07A49A1}"
EndProject
Project("{FAE04EC0-301F-11D3-BF4B-00C04F79EFBC}") = "SpiraWordAddIn", "SpiraWordAddIn\SpiraWordAddIn.csproj", "{87D4AAAB-2B67-480E-80DF-ED539A423B83}"
EndProject
Project("{FAE04EC0-301F-11D3-BF4B-00C04F79EFBC}") = "SpiraProjectAddIn", "SpiraProjectAddIn\SpiraProjectAddIn.csproj", "{2DE25671-CAFC-4E2E-AAA7-C5AB4BD8C682}"
EndProject
Project("{930C7802-8A8C-48F9-8165-68863BCCD9DD}") = "SetupProject", "SetupProject\SetupProject.wixproj", "{09C36978-9B4B-4EE0-B857-BC051AD2B3FB}"
	ProjectSection(ProjectDependencies) = postProject
		{42E57061-6005-4F7F-BAAC-D47CB07A49A1} = {42E57061-6005-4F7F-BAAC-D47CB07A49A1}
		{2DE25671-CAFC-4E2E-AAA7-C5AB4BD8C682} = {2DE25671-CAFC-4E2E-AAA7-C5AB4BD8C682}
		{87D4AAAB-2B67-480E-80DF-ED539A423B83} = {87D4AAAB-2B67-480E-80DF-ED539A423B83}
	EndProjectSection
EndProject
Global
	GlobalSection(SolutionConfigurationPlatforms) = preSolution
		Debug|Any CPU = Debug|Any CPU
		Debug|Mixed Platforms = Debug|Mixed Platforms
		Debug|x86 = Debug|x86
		Release|Any CPU = Release|Any CPU
		Release|Mixed Platforms = Release|Mixed Platforms
		Release|x86 = Release|x86
	EndGlobalSection
	GlobalSection(ProjectConfigurationPlatforms) = postSolution
		{42E57061-6005-4F7F-BAAC-D47CB07A49A1}.Debug|Any CPU.ActiveCfg = Debug|Any CPU
		{42E57061-6005-4F7F-BAAC-D47CB07A49A1}.Debug|Any CPU.Build.0 = Debug|Any CPU
		{42E57061-6005-4F7F-BAAC-D47CB07A49A1}.Debug|Mixed Platforms.ActiveCfg = Debug|Any CPU
		{42E57061-6005-4F7F-BAAC-D47CB07A49A1}.Debug|Mixed Platforms.Build.0 = Debug|Any CPU
		{42E57061-6005-4F7F-BAAC-D47CB07A49A1}.Debug|x86.ActiveCfg = Debug|Any CPU
		{42E57061-6005-4F7F-BAAC-D47CB07A49A1}.Release|Any CPU.ActiveCfg = Release|Any CPU
		{42E57061-6005-4F7F-BAAC-D47CB07A49A1}.Release|Any CPU.Build.0 = Release|Any CPU
		{42E57061-6005-4F7F-BAAC-D47CB07A49A1}.Release|Mixed Platforms.ActiveCfg = Release|Any CPU
		{42E57061-6005-4F7F-BAAC-D47CB07A49A1}.Release|Mixed Platforms.Build.0 = Release|Any CPU
		{42E57061-6005-4F7F-BAAC-D47CB07A49A1}.Release|x86.ActiveCfg = Release|Any CPU
		{87D4AAAB-2B67-480E-80DF-ED539A423B83}.Debug|Any CPU.ActiveCfg = Debug|Any CPU
		{87D4AAAB-2B67-480E-80DF-ED539A423B83}.Debug|Any CPU.Build.0 = Debug|Any CPU
		{87D4AAAB-2B67-480E-80DF-ED539A423B83}.Debug|Mixed Platforms.ActiveCfg = Debug|Any CPU
		{87D4AAAB-2B67-480E-80DF-ED539A423B83}.Debug|Mixed Platforms.Build.0 = Debug|Any CPU
		{87D4AAAB-2B67-480E-80DF-ED539A423B83}.Debug|x86.ActiveCfg = Debug|Any CPU
		{87D4AAAB-2B67-480E-80DF-ED539A423B83}.Release|Any CPU.ActiveCfg = Release|Any CPU
		{87D4AAAB-2B67-480E-80DF-ED539A423B83}.Release|Any CPU.Build.0 = Release|Any CPU
		{87D4AAAB-2B67-480E-80DF-ED539A423B83}.Release|Mixed Platforms.ActiveCfg = Release|Any CPU
		{87D4AAAB-2B67-480E-80DF-ED539A423B83}.Release|Mixed Platforms.Build.0 = Release|Any CPU
		{87D4AAAB-2B67-480E-80DF-ED539A423B83}.Release|x86.ActiveCfg = Release|Any CPU
		{2DE25671-CAFC-4E2E-AAA7-C5AB4BD8C682}.Debug|Any CPU.ActiveCfg = Debug|Any CPU
		{2DE25671-CAFC-4E2E-AAA7-C5AB4BD8C682}.Debug|Any CPU.Build.0 = Debug|Any CPU
		{2DE25671-CAFC-4E2E-AAA7-C5AB4BD8C682}.Debug|Mixed Platforms.ActiveCfg = Debug|Any CPU
		{2DE25671-CAFC-4E2E-AAA7-C5AB4BD8C682}.Debug|Mixed Platforms.Build.0 = Debug|Any CPU
		{2DE25671-CAFC-4E2E-AAA7-C5AB4BD8C682}.Debug|x86.ActiveCfg = Debug|Any CPU
		{2DE25671-CAFC-4E2E-AAA7-C5AB4BD8C682}.Release|Any CPU.ActiveCfg = Release|Any CPU
		{2DE25671-CAFC-4E2E-AAA7-C5AB4BD8C682}.Release|Any CPU.Build.0 = Release|Any CPU
		{2DE25671-CAFC-4E2E-AAA7-C5AB4BD8C682}.Release|Mixed Platforms.ActiveCfg = Release|Any CPU
		{2DE25671-CAFC-4E2E-AAA7-C5AB4BD8C682}.Release|Mixed Platforms.Build.0 = Release|Any CPU
		{2DE25671-CAFC-4E2E-AAA7-C5AB4BD8C682}.Release|x86.ActiveCfg = Release|Any CPU
		{09C36978-9B4B-4EE0-B857-BC051AD2B3FB}.Debug|Any CPU.ActiveCfg = Debug|x86
		{09C36978-9B4B-4EE0-B857-BC051AD2B3FB}.Debug|Mixed Platforms.ActiveCfg = Debug|x86
		{09C36978-9B4B-4EE0-B857-BC051AD2B3FB}.Debug|x86.ActiveCfg = Debug|x86
		{09C36978-9B4B-4EE0-B857-BC051AD2B3FB}.Debug|x86.Build.0 = Debug|x86
		{09C36978-9B4B-4EE0-B857-BC051AD2B3FB}.Release|Any CPU.ActiveCfg = Release|x86
		{09C36978-9B4B-4EE0-B857-BC051AD2B3FB}.Release|Mixed Platforms.ActiveCfg = Release|x86
		{09C36978-9B4B-4EE0-B857-BC051AD2B3FB}.Release|Mixed Platforms.Build.0 = Release|x86
		{09C36978-9B4B-4EE0-B857-BC051AD2B3FB}.Release|x86.ActiveCfg = Release|x86
		{09C36978-9B4B-4EE0-B857-BC051AD2B3FB}.Release|x86.Build.0 = Release|x86
	EndGlobalSection
	GlobalSection(SolutionProperties) = preSolution
		HideSolutionNode = FALSE
	EndGlobalSection
	GlobalSection(ExtensibilityGlobals) = postSolution
		VisualSVNWorkingCopyRoot = 
	EndGlobalSection
EndGlobal
